
Microsoft Visual Studio Solution File, Format Version 12.00
# Visual Studio Version 16
VisualStudioVersion = 16.0.29920.165
MinimumVisualStudioVersion = 10.0.40219.1
Project("{FAE04EC0-301F-11D3-BF4B-00C04F79EFBC}") = "SQLFunction", "FunctionApp2\SQLFunction.csproj", "{9A5A965F-1D80-4D00-83B8-24E5D6D529F0}"
EndProject
Global
	GlobalSection(SolutionConfigurationPlatforms) = preSolution
		Debug|Any CPU = Debug|Any CPU
		Release|Any CPU = Release|Any CPU
	EndGlobalSection
	GlobalSection(ProjectConfigurationPlatforms) = postSolution
		{9A5A965F-1D80-4D00-83B8-24E5D6D529F0}.Debug|Any CPU.ActiveCfg = Debug|Any CPU
		{9A5A965F-1D80-4D00-83B8-24E5D6D529F0}.Debug|Any CPU.Build.0 = Debug|Any CPU
		{9A5A965F-1D80-4D00-83B8-24E5D6D529F0}.Release|Any CPU.ActiveCfg = Release|Any CPU
		{9A5A965F-1D80-4D00-83B8-24E5D6D529F0}.Release|Any CPU.Build.0 = Release|Any CPU
	EndGlobalSection
	GlobalSection(SolutionProperties) = preSolution
		HideSolutionNode = FALSE
	EndGlobalSection
	GlobalSection(ExtensibilityGlobals) = postSolution
		SolutionGuid = {BE59889E-DD03-4ADA-8835-755985B4C836}
	EndGlobalSection
EndGlobal
