
Microsoft Visual Studio Solution File, Format Version 12.00
# Visual Studio Version 16
VisualStudioVersion = 16.0.30011.22
MinimumVisualStudioVersion = 10.0.40219.1
Project("{FAE04EC0-301F-11D3-BF4B-00C04F79EFBC}") = "cosmos-trigger", "cosmos-trigger\cosmos-trigger.csproj", "{A687E290-E5B4-4203-87E2-9C18983A2594}"
EndProject
Global
	GlobalSection(SolutionConfigurationPlatforms) = preSolution
		Debug|Any CPU = Debug|Any CPU
		Release|Any CPU = Release|Any CPU
	EndGlobalSection
	GlobalSection(ProjectConfigurationPlatforms) = postSolution
		{A687E290-E5B4-4203-87E2-9C18983A2594}.Debug|Any CPU.ActiveCfg = Debug|Any CPU
		{A687E290-E5B4-4203-87E2-9C18983A2594}.Debug|Any CPU.Build.0 = Debug|Any CPU
		{A687E290-E5B4-4203-87E2-9C18983A2594}.Release|Any CPU.ActiveCfg = Release|Any CPU
		{A687E290-E5B4-4203-87E2-9C18983A2594}.Release|Any CPU.Build.0 = Release|Any CPU
	EndGlobalSection
	GlobalSection(SolutionProperties) = preSolution
		HideSolutionNode = FALSE
	EndGlobalSection
	GlobalSection(ExtensibilityGlobals) = postSolution
		SolutionGuid = {CDBB02DC-6150-401E-A254-F24A428BAD50}
	EndGlobalSection
EndGlobal
